
Microsoft Visual Studio Solution File, Format Version 12.00
# Visual Studio Version 17
VisualStudioVersion = 17.0.31903.59
MinimumVisualStudioVersion = 10.0.40219.1
Project("{FAE04EC0-301F-11D3-BF4B-00C04F79EFBC}") = "Admin", "Admin\Admin.csproj", "{7FBA6E5D-06E5-4D72-8A50-BF82F84A902F}"
EndProject
Project("{FAE04EC0-301F-11D3-BF4B-00C04F79EFBC}") = "Dome.Shared", "Dome.Shared\Dome.Shared.csproj", "{4A735266-188D-43FA-BAB5-40020942C80F}"
EndProject
Project("{FAE04EC0-301F-11D3-BF4B-00C04F79EFBC}") = "Player", "Player\Player.csproj", "{2F767301-6030-46DF-886B-E8018FE27344}"
EndProject
Global
	GlobalSection(SolutionConfigurationPlatforms) = preSolution
		Debug|Any CPU = Debug|Any CPU
		Release|Any CPU = Release|Any CPU
	EndGlobalSection
	GlobalSection(ProjectConfigurationPlatforms) = postSolution
		{7FBA6E5D-06E5-4D72-8A50-BF82F84A902F}.Debug|Any CPU.ActiveCfg = Debug|Any CPU
		{7FBA6E5D-06E5-4D72-8A50-BF82F84A902F}.Debug|Any CPU.Build.0 = Debug|Any CPU
		{7FBA6E5D-06E5-4D72-8A50-BF82F84A902F}.Release|Any CPU.ActiveCfg = Release|Any CPU
		{7FBA6E5D-06E5-4D72-8A50-BF82F84A902F}.Release|Any CPU.Build.0 = Release|Any CPU
		{4A735266-188D-43FA-BAB5-40020942C80F}.Debug|Any CPU.ActiveCfg = Debug|Any CPU
		{4A735266-188D-43FA-BAB5-40020942C80F}.Debug|Any CPU.Build.0 = Debug|Any CPU
		{4A735266-188D-43FA-BAB5-40020942C80F}.Release|Any CPU.ActiveCfg = Release|Any CPU
		{4A735266-188D-43FA-BAB5-40020942C80F}.Release|Any CPU.Build.0 = Release|Any CPU
		{2F767301-6030-46DF-886B-E8018FE27344}.Debug|Any CPU.ActiveCfg = Debug|Any CPU
		{2F767301-6030-46DF-886B-E8018FE27344}.Debug|Any CPU.Build.0 = Debug|Any CPU
		{2F767301-6030-46DF-886B-E8018FE27344}.Release|Any CPU.ActiveCfg = Release|Any CPU
		{2F767301-6030-46DF-886B-E8018FE27344}.Release|Any CPU.Build.0 = Release|Any CPU
	EndGlobalSection
	GlobalSection(SolutionProperties) = preSolution
		HideSolutionNode = FALSE
	EndGlobalSection
EndGlobal
